
Microsoft Visual Studio Solution File, Format Version 12.00
# Visual Studio 15
VisualStudioVersion = 15.0.27428.2037
MinimumVisualStudioVersion = 10.0.40219.1
Project("{FAE04EC0-301F-11D3-BF4B-00C04F79EFBC}") = "WordAndImgOperationApp", "WordAndImgOperationApp\WordAndImgOperationApp.csproj", "{E5CDCD22-8D33-42CA-BB17-9406281CEF15}"
EndProject
Project("{FAE04EC0-301F-11D3-BF4B-00C04F79EFBC}") = "CheckWordModel", "CheckWordModel\CheckWordModel.csproj", "{882975E9-F754-4F88-93C0-E461387D003D}"
EndProject
Project("{FAE04EC0-301F-11D3-BF4B-00C04F79EFBC}") = "CheckWordUtil", "CheckWordUtil\CheckWordUtil.csproj", "{7ADE6CF2-1CC9-46F6-8BCE-F2F475E00E9F}"
EndProject
Project("{FAE04EC0-301F-11D3-BF4B-00C04F79EFBC}") = "CheckWordStyle", "CheckWordStyle\CheckWordStyle.csproj", "{19E705FB-46DF-4F8E-A334-14A8D2E7BABB}"
EndProject
Project("{FAE04EC0-301F-11D3-BF4B-00C04F79EFBC}") = "CheckWordControl", "CheckWordControl\CheckWordControl.csproj", "{0BA50C86-3D12-4DB3-98D9-AB157EE40366}"
EndProject
Project("{FAE04EC0-301F-11D3-BF4B-00C04F79EFBC}") = "CheckWordEvent", "CheckWordEvent\CheckWordEvent.csproj", "{730A09EB-1742-45F8-AA9C-37F25BE50AF4}"
EndProject
Project("{FAE04EC0-301F-11D3-BF4B-00C04F79EFBC}") = "MaterialDesignColors.Wpf", "MaterialDesignColors.Wpf\MaterialDesignColors.Wpf.csproj", "{90B53209-C60C-4655-B28D-A1B3E1044BA3}"
EndProject
Project("{FAE04EC0-301F-11D3-BF4B-00C04F79EFBC}") = "MaterialDesignThemes.Wpf", "MaterialDesignThemes.Wpf\MaterialDesignThemes.Wpf.csproj", "{042CFDE1-ADAE-4F5C-9AE5-2BDCD1504885}"
EndProject
Project("{FAE04EC0-301F-11D3-BF4B-00C04F79EFBC}") = "WPFClientCheckWordModel", "WPFClientCheckWordModel\WPFClientCheckWordModel.csproj", "{B92F769C-C517-4261-8C03-F58C8CD79651}"
EndProject
Project("{FAE04EC0-301F-11D3-BF4B-00C04F79EFBC}") = "WPFClientCheckWordUtil", "WPFClientCheckWordUtil\WPFClientCheckWordUtil.csproj", "{36085F13-48FD-4326-A717-39C5274F530A}"
EndProject
Project("{FAE04EC0-301F-11D3-BF4B-00C04F79EFBC}") = "IWPFClientService", "IWPFClientService\IWPFClientService.csproj", "{CCBAF7E2-A23C-4459-A7BF-CBB7A08471E4}"
EndProject
Project("{FAE04EC0-301F-11D3-BF4B-00C04F79EFBC}") = "WPFClientService", "WPFClientService\WPFClientService.csproj", "{B3493FE6-B75D-4D5D-BF3D-992EF7F09C76}"
EndProject
Project("{FAE04EC0-301F-11D3-BF4B-00C04F79EFBC}") = "BrowseSearchTXT", "BrowseSearchTXT\BrowseSearchTXT.csproj", "{4E2EA2B2-7AD8-4C0D-907D-1AA3FDD39323}"
EndProject
Project("{FAE04EC0-301F-11D3-BF4B-00C04F79EFBC}") = "ConsoleWPFClientServer", "ConsoleWPFClientServer\ConsoleWPFClientServer.csproj", "{587D6527-0390-438F-A1DC-83EAF2C44E92}"
EndProject
Global
	GlobalSection(SolutionConfigurationPlatforms) = preSolution
		AppVeyor|Any CPU = AppVeyor|Any CPU
		AppVeyor|x64 = AppVeyor|x64
		AppVeyor|x86 = AppVeyor|x86
		Debug|Any CPU = Debug|Any CPU
		Debug|x64 = Debug|x64
		Debug|x86 = Debug|x86
		Release|Any CPU = Release|Any CPU
		Release|x64 = Release|x64
		Release|x86 = Release|x86
	EndGlobalSection
	GlobalSection(ProjectConfigurationPlatforms) = postSolution
		{E5CDCD22-8D33-42CA-BB17-9406281CEF15}.AppVeyor|Any CPU.ActiveCfg = Release|Any CPU
		{E5CDCD22-8D33-42CA-BB17-9406281CEF15}.AppVeyor|Any CPU.Build.0 = Release|Any CPU
		{E5CDCD22-8D33-42CA-BB17-9406281CEF15}.AppVeyor|x64.ActiveCfg = Debug|Any CPU
		{E5CDCD22-8D33-42CA-BB17-9406281CEF15}.AppVeyor|x64.Build.0 = Debug|Any CPU
		{E5CDCD22-8D33-42CA-BB17-9406281CEF15}.AppVeyor|x86.ActiveCfg = Release|x86
		{E5CDCD22-8D33-42CA-BB17-9406281CEF15}.AppVeyor|x86.Build.0 = Release|x86
		{E5CDCD22-8D33-42CA-BB17-9406281CEF15}.Debug|Any CPU.ActiveCfg = Debug|Any CPU
		{E5CDCD22-8D33-42CA-BB17-9406281CEF15}.Debug|Any CPU.Build.0 = Debug|Any CPU
		{E5CDCD22-8D33-42CA-BB17-9406281CEF15}.Debug|x64.ActiveCfg = Debug|Any CPU
		{E5CDCD22-8D33-42CA-BB17-9406281CEF15}.Debug|x64.Build.0 = Debug|Any CPU
		{E5CDCD22-8D33-42CA-BB17-9406281CEF15}.Debug|x86.ActiveCfg = Debug|x86
		{E5CDCD22-8D33-42CA-BB17-9406281CEF15}.Debug|x86.Build.0 = Debug|x86
		{E5CDCD22-8D33-42CA-BB17-9406281CEF15}.Release|Any CPU.ActiveCfg = Release|Any CPU
		{E5CDCD22-8D33-42CA-BB17-9406281CEF15}.Release|Any CPU.Build.0 = Release|Any CPU
		{E5CDCD22-8D33-42CA-BB17-9406281CEF15}.Release|x64.ActiveCfg = Release|Any CPU
		{E5CDCD22-8D33-42CA-BB17-9406281CEF15}.Release|x64.Build.0 = Release|Any CPU
		{E5CDCD22-8D33-42CA-BB17-9406281CEF15}.Release|x86.ActiveCfg = Release|x86
		{E5CDCD22-8D33-42CA-BB17-9406281CEF15}.Release|x86.Build.0 = Release|x86
		{882975E9-F754-4F88-93C0-E461387D003D}.AppVeyor|Any CPU.ActiveCfg = Release|Any CPU
		{882975E9-F754-4F88-93C0-E461387D003D}.AppVeyor|Any CPU.Build.0 = Release|Any CPU
		{882975E9-F754-4F88-93C0-E461387D003D}.AppVeyor|x64.ActiveCfg = Debug|Any CPU
		{882975E9-F754-4F88-93C0-E461387D003D}.AppVeyor|x64.Build.0 = Debug|Any CPU
		{882975E9-F754-4F88-93C0-E461387D003D}.AppVeyor|x86.ActiveCfg = Release|Any CPU
		{882975E9-F754-4F88-93C0-E461387D003D}.AppVeyor|x86.Build.0 = Release|Any CPU
		{882975E9-F754-4F88-93C0-E461387D003D}.Debug|Any CPU.ActiveCfg = Debug|Any CPU
		{882975E9-F754-4F88-93C0-E461387D003D}.Debug|Any CPU.Build.0 = Debug|Any CPU
		{882975E9-F754-4F88-93C0-E461387D003D}.Debug|x64.ActiveCfg = Debug|Any CPU
		{882975E9-F754-4F88-93C0-E461387D003D}.Debug|x64.Build.0 = Debug|Any CPU
		{882975E9-F754-4F88-93C0-E461387D003D}.Debug|x86.ActiveCfg = Debug|Any CPU
		{882975E9-F754-4F88-93C0-E461387D003D}.Debug|x86.Build.0 = Debug|Any CPU
		{882975E9-F754-4F88-93C0-E461387D003D}.Release|Any CPU.ActiveCfg = Release|Any CPU
		{882975E9-F754-4F88-93C0-E461387D003D}.Release|Any CPU.Build.0 = Release|Any CPU
		{882975E9-F754-4F88-93C0-E461387D003D}.Release|x64.ActiveCfg = Release|Any CPU
		{882975E9-F754-4F88-93C0-E461387D003D}.Release|x64.Build.0 = Release|Any CPU
		{882975E9-F754-4F88-93C0-E461387D003D}.Release|x86.ActiveCfg = Release|Any CPU
		{882975E9-F754-4F88-93C0-E461387D003D}.Release|x86.Build.0 = Release|Any CPU
		{7ADE6CF2-1CC9-46F6-8BCE-F2F475E00E9F}.AppVeyor|Any CPU.ActiveCfg = Release|Any CPU
		{7ADE6CF2-1CC9-46F6-8BCE-F2F475E00E9F}.AppVeyor|Any CPU.Build.0 = Release|Any CPU
		{7ADE6CF2-1CC9-46F6-8BCE-F2F475E00E9F}.AppVeyor|x64.ActiveCfg = Debug|Any CPU
		{7ADE6CF2-1CC9-46F6-8BCE-F2F475E00E9F}.AppVeyor|x64.Build.0 = Debug|Any CPU
		{7ADE6CF2-1CC9-46F6-8BCE-F2F475E00E9F}.AppVeyor|x86.ActiveCfg = Release|Any CPU
		{7ADE6CF2-1CC9-46F6-8BCE-F2F475E00E9F}.AppVeyor|x86.Build.0 = Release|Any CPU
		{7ADE6CF2-1CC9-46F6-8BCE-F2F475E00E9F}.Debug|Any CPU.ActiveCfg = Debug|Any CPU
		{7ADE6CF2-1CC9-46F6-8BCE-F2F475E00E9F}.Debug|Any CPU.Build.0 = Debug|Any CPU
		{7ADE6CF2-1CC9-46F6-8BCE-F2F475E00E9F}.Debug|x64.ActiveCfg = Debug|Any CPU
		{7ADE6CF2-1CC9-46F6-8BCE-F2F475E00E9F}.Debug|x64.Build.0 = Debug|Any CPU
		{7ADE6CF2-1CC9-46F6-8BCE-F2F475E00E9F}.Debug|x86.ActiveCfg = Debug|Any CPU
		{7ADE6CF2-1CC9-46F6-8BCE-F2F475E00E9F}.Debug|x86.Build.0 = Debug|Any CPU
		{7ADE6CF2-1CC9-46F6-8BCE-F2F475E00E9F}.Release|Any CPU.ActiveCfg = Release|Any CPU
		{7ADE6CF2-1CC9-46F6-8BCE-F2F475E00E9F}.Release|Any CPU.Build.0 = Release|Any CPU
		{7ADE6CF2-1CC9-46F6-8BCE-F2F475E00E9F}.Release|x64.ActiveCfg = Release|Any CPU
		{7ADE6CF2-1CC9-46F6-8BCE-F2F475E00E9F}.Release|x64.Build.0 = Release|Any CPU
		{7ADE6CF2-1CC9-46F6-8BCE-F2F475E00E9F}.Release|x86.ActiveCfg = Release|Any CPU
		{7ADE6CF2-1CC9-46F6-8BCE-F2F475E00E9F}.Release|x86.Build.0 = Release|Any CPU
		{19E705FB-46DF-4F8E-A334-14A8D2E7BABB}.AppVeyor|Any CPU.ActiveCfg = Release|Any CPU
		{19E705FB-46DF-4F8E-A334-14A8D2E7BABB}.AppVeyor|Any CPU.Build.0 = Release|Any CPU
		{19E705FB-46DF-4F8E-A334-14A8D2E7BABB}.AppVeyor|x64.ActiveCfg = Debug|Any CPU
		{19E705FB-46DF-4F8E-A334-14A8D2E7BABB}.AppVeyor|x64.Build.0 = Debug|Any CPU
		{19E705FB-46DF-4F8E-A334-14A8D2E7BABB}.AppVeyor|x86.ActiveCfg = Release|Any CPU
		{19E705FB-46DF-4F8E-A334-14A8D2E7BABB}.AppVeyor|x86.Build.0 = Release|Any CPU
		{19E705FB-46DF-4F8E-A334-14A8D2E7BABB}.Debug|Any CPU.ActiveCfg = Debug|Any CPU
		{19E705FB-46DF-4F8E-A334-14A8D2E7BABB}.Debug|Any CPU.Build.0 = Debug|Any CPU
		{19E705FB-46DF-4F8E-A334-14A8D2E7BABB}.Debug|x64.ActiveCfg = Debug|Any CPU
		{19E705FB-46DF-4F8E-A334-14A8D2E7BABB}.Debug|x64.Build.0 = Debug|Any CPU
		{19E705FB-46DF-4F8E-A334-14A8D2E7BABB}.Debug|x86.ActiveCfg = Debug|Any CPU
		{19E705FB-46DF-4F8E-A334-14A8D2E7BABB}.Debug|x86.Build.0 = Debug|Any CPU
		{19E705FB-46DF-4F8E-A334-14A8D2E7BABB}.Release|Any CPU.ActiveCfg = Release|Any CPU
		{19E705FB-46DF-4F8E-A334-14A8D2E7BABB}.Release|Any CPU.Build.0 = Release|Any CPU
		{19E705FB-46DF-4F8E-A334-14A8D2E7BABB}.Release|x64.ActiveCfg = Release|Any CPU
		{19E705FB-46DF-4F8E-A334-14A8D2E7BABB}.Release|x64.Build.0 = Release|Any CPU
		{19E705FB-46DF-4F8E-A334-14A8D2E7BABB}.Release|x86.ActiveCfg = Release|Any CPU
		{19E705FB-46DF-4F8E-A334-14A8D2E7BABB}.Release|x86.Build.0 = Release|Any CPU
		{0BA50C86-3D12-4DB3-98D9-AB157EE40366}.AppVeyor|Any CPU.ActiveCfg = Release|Any CPU
		{0BA50C86-3D12-4DB3-98D9-AB157EE40366}.AppVeyor|Any CPU.Build.0 = Release|Any CPU
		{0BA50C86-3D12-4DB3-98D9-AB157EE40366}.AppVeyor|x64.ActiveCfg = Debug|Any CPU
		{0BA50C86-3D12-4DB3-98D9-AB157EE40366}.AppVeyor|x64.Build.0 = Debug|Any CPU
		{0BA50C86-3D12-4DB3-98D9-AB157EE40366}.AppVeyor|x86.ActiveCfg = Release|Any CPU
		{0BA50C86-3D12-4DB3-98D9-AB157EE40366}.AppVeyor|x86.Build.0 = Release|Any CPU
		{0BA50C86-3D12-4DB3-98D9-AB157EE40366}.Debug|Any CPU.ActiveCfg = Debug|Any CPU
		{0BA50C86-3D12-4DB3-98D9-AB157EE40366}.Debug|Any CPU.Build.0 = Debug|Any CPU
		{0BA50C86-3D12-4DB3-98D9-AB157EE40366}.Debug|x64.ActiveCfg = Debug|Any CPU
		{0BA50C86-3D12-4DB3-98D9-AB157EE40366}.Debug|x64.Build.0 = Debug|Any CPU
		{0BA50C86-3D12-4DB3-98D9-AB157EE40366}.Debug|x86.ActiveCfg = Debug|Any CPU
		{0BA50C86-3D12-4DB3-98D9-AB157EE40366}.Debug|x86.Build.0 = Debug|Any CPU
		{0BA50C86-3D12-4DB3-98D9-AB157EE40366}.Release|Any CPU.ActiveCfg = Release|Any CPU
		{0BA50C86-3D12-4DB3-98D9-AB157EE40366}.Release|Any CPU.Build.0 = Release|Any CPU
		{0BA50C86-3D12-4DB3-98D9-AB157EE40366}.Release|x64.ActiveCfg = Release|Any CPU
		{0BA50C86-3D12-4DB3-98D9-AB157EE40366}.Release|x64.Build.0 = Release|Any CPU
		{0BA50C86-3D12-4DB3-98D9-AB157EE40366}.Release|x86.ActiveCfg = Release|Any CPU
		{0BA50C86-3D12-4DB3-98D9-AB157EE40366}.Release|x86.Build.0 = Release|Any CPU
		{730A09EB-1742-45F8-AA9C-37F25BE50AF4}.AppVeyor|Any CPU.ActiveCfg = Release|Any CPU
		{730A09EB-1742-45F8-AA9C-37F25BE50AF4}.AppVeyor|Any CPU.Build.0 = Release|Any CPU
		{730A09EB-1742-45F8-AA9C-37F25BE50AF4}.AppVeyor|x64.ActiveCfg = Debug|Any CPU
		{730A09EB-1742-45F8-AA9C-37F25BE50AF4}.AppVeyor|x64.Build.0 = Debug|Any CPU
		{730A09EB-1742-45F8-AA9C-37F25BE50AF4}.AppVeyor|x86.ActiveCfg = Release|Any CPU
		{730A09EB-1742-45F8-AA9C-37F25BE50AF4}.AppVeyor|x86.Build.0 = Release|Any CPU
		{730A09EB-1742-45F8-AA9C-37F25BE50AF4}.Debug|Any CPU.ActiveCfg = Debug|Any CPU
		{730A09EB-1742-45F8-AA9C-37F25BE50AF4}.Debug|Any CPU.Build.0 = Debug|Any CPU
		{730A09EB-1742-45F8-AA9C-37F25BE50AF4}.Debug|x64.ActiveCfg = Debug|Any CPU
		{730A09EB-1742-45F8-AA9C-37F25BE50AF4}.Debug|x64.Build.0 = Debug|Any CPU
		{730A09EB-1742-45F8-AA9C-37F25BE50AF4}.Debug|x86.ActiveCfg = Debug|Any CPU
		{730A09EB-1742-45F8-AA9C-37F25BE50AF4}.Debug|x86.Build.0 = Debug|Any CPU
		{730A09EB-1742-45F8-AA9C-37F25BE50AF4}.Release|Any CPU.ActiveCfg = Release|Any CPU
		{730A09EB-1742-45F8-AA9C-37F25BE50AF4}.Release|Any CPU.Build.0 = Release|Any CPU
		{730A09EB-1742-45F8-AA9C-37F25BE50AF4}.Release|x64.ActiveCfg = Release|Any CPU
		{730A09EB-1742-45F8-AA9C-37F25BE50AF4}.Release|x64.Build.0 = Release|Any CPU
		{730A09EB-1742-45F8-AA9C-37F25BE50AF4}.Release|x86.ActiveCfg = Release|Any CPU
		{730A09EB-1742-45F8-AA9C-37F25BE50AF4}.Release|x86.Build.0 = Release|Any CPU
		{90B53209-C60C-4655-B28D-A1B3E1044BA3}.AppVeyor|Any CPU.ActiveCfg = AppVeyor|Any CPU
		{90B53209-C60C-4655-B28D-A1B3E1044BA3}.AppVeyor|Any CPU.Build.0 = AppVeyor|Any CPU
		{90B53209-C60C-4655-B28D-A1B3E1044BA3}.AppVeyor|x64.ActiveCfg = AppVeyor|Any CPU
		{90B53209-C60C-4655-B28D-A1B3E1044BA3}.AppVeyor|x64.Build.0 = AppVeyor|Any CPU
		{90B53209-C60C-4655-B28D-A1B3E1044BA3}.AppVeyor|x86.ActiveCfg = AppVeyor|Any CPU
		{90B53209-C60C-4655-B28D-A1B3E1044BA3}.AppVeyor|x86.Build.0 = AppVeyor|Any CPU
		{90B53209-C60C-4655-B28D-A1B3E1044BA3}.Debug|Any CPU.ActiveCfg = Debug|Any CPU
		{90B53209-C60C-4655-B28D-A1B3E1044BA3}.Debug|Any CPU.Build.0 = Debug|Any CPU
		{90B53209-C60C-4655-B28D-A1B3E1044BA3}.Debug|x64.ActiveCfg = Debug|Any CPU
		{90B53209-C60C-4655-B28D-A1B3E1044BA3}.Debug|x64.Build.0 = Debug|Any CPU
		{90B53209-C60C-4655-B28D-A1B3E1044BA3}.Debug|x86.ActiveCfg = Debug|Any CPU
		{90B53209-C60C-4655-B28D-A1B3E1044BA3}.Debug|x86.Build.0 = Debug|Any CPU
		{90B53209-C60C-4655-B28D-A1B3E1044BA3}.Release|Any CPU.ActiveCfg = Release|Any CPU
		{90B53209-C60C-4655-B28D-A1B3E1044BA3}.Release|Any CPU.Build.0 = Release|Any CPU
		{90B53209-C60C-4655-B28D-A1B3E1044BA3}.Release|x64.ActiveCfg = Release|Any CPU
		{90B53209-C60C-4655-B28D-A1B3E1044BA3}.Release|x64.Build.0 = Release|Any CPU
		{90B53209-C60C-4655-B28D-A1B3E1044BA3}.Release|x86.ActiveCfg = Release|Any CPU
		{90B53209-C60C-4655-B28D-A1B3E1044BA3}.Release|x86.Build.0 = Release|Any CPU
		{042CFDE1-ADAE-4F5C-9AE5-2BDCD1504885}.AppVeyor|Any CPU.ActiveCfg = Release|Any CPU
		{042CFDE1-ADAE-4F5C-9AE5-2BDCD1504885}.AppVeyor|Any CPU.Build.0 = Release|Any CPU
		{042CFDE1-ADAE-4F5C-9AE5-2BDCD1504885}.AppVeyor|x64.ActiveCfg = Debug|Any CPU
		{042CFDE1-ADAE-4F5C-9AE5-2BDCD1504885}.AppVeyor|x64.Build.0 = Debug|Any CPU
		{042CFDE1-ADAE-4F5C-9AE5-2BDCD1504885}.AppVeyor|x86.ActiveCfg = Release|Any CPU
		{042CFDE1-ADAE-4F5C-9AE5-2BDCD1504885}.AppVeyor|x86.Build.0 = Release|Any CPU
		{042CFDE1-ADAE-4F5C-9AE5-2BDCD1504885}.Debug|Any CPU.ActiveCfg = Debug|Any CPU
		{042CFDE1-ADAE-4F5C-9AE5-2BDCD1504885}.Debug|Any CPU.Build.0 = Debug|Any CPU
		{042CFDE1-ADAE-4F5C-9AE5-2BDCD1504885}.Debug|x64.ActiveCfg = Debug|Any CPU
		{042CFDE1-ADAE-4F5C-9AE5-2BDCD1504885}.Debug|x64.Build.0 = Debug|Any CPU
		{042CFDE1-ADAE-4F5C-9AE5-2BDCD1504885}.Debug|x86.ActiveCfg = Debug|Any CPU
		{042CFDE1-ADAE-4F5C-9AE5-2BDCD1504885}.Debug|x86.Build.0 = Debug|Any CPU
		{042CFDE1-ADAE-4F5C-9AE5-2BDCD1504885}.Release|Any CPU.ActiveCfg = Release|Any CPU
		{042CFDE1-ADAE-4F5C-9AE5-2BDCD1504885}.Release|Any CPU.Build.0 = Release|Any CPU
		{042CFDE1-ADAE-4F5C-9AE5-2BDCD1504885}.Release|x64.ActiveCfg = Release|Any CPU
		{042CFDE1-ADAE-4F5C-9AE5-2BDCD1504885}.Release|x64.Build.0 = Release|Any CPU
		{042CFDE1-ADAE-4F5C-9AE5-2BDCD1504885}.Release|x86.ActiveCfg = Release|Any CPU
		{042CFDE1-ADAE-4F5C-9AE5-2BDCD1504885}.Release|x86.Build.0 = Release|Any CPU
		{B92F769C-C517-4261-8C03-F58C8CD79651}.AppVeyor|Any CPU.ActiveCfg = Release|Any CPU
		{B92F769C-C517-4261-8C03-F58C8CD79651}.AppVeyor|Any CPU.Build.0 = Release|Any CPU
		{B92F769C-C517-4261-8C03-F58C8CD79651}.AppVeyor|x64.ActiveCfg = Release|Any CPU
		{B92F769C-C517-4261-8C03-F58C8CD79651}.AppVeyor|x64.Build.0 = Release|Any CPU
		{B92F769C-C517-4261-8C03-F58C8CD79651}.AppVeyor|x86.ActiveCfg = Release|Any CPU
		{B92F769C-C517-4261-8C03-F58C8CD79651}.AppVeyor|x86.Build.0 = Release|Any CPU
		{B92F769C-C517-4261-8C03-F58C8CD79651}.Debug|Any CPU.ActiveCfg = Debug|Any CPU
		{B92F769C-C517-4261-8C03-F58C8CD79651}.Debug|Any CPU.Build.0 = Debug|Any CPU
		{B92F769C-C517-4261-8C03-F58C8CD79651}.Debug|x64.ActiveCfg = Debug|Any CPU
		{B92F769C-C517-4261-8C03-F58C8CD79651}.Debug|x64.Build.0 = Debug|Any CPU
		{B92F769C-C517-4261-8C03-F58C8CD79651}.Debug|x86.ActiveCfg = Debug|Any CPU
		{B92F769C-C517-4261-8C03-F58C8CD79651}.Debug|x86.Build.0 = Debug|Any CPU
		{B92F769C-C517-4261-8C03-F58C8CD79651}.Release|Any CPU.ActiveCfg = Release|Any CPU
		{B92F769C-C517-4261-8C03-F58C8CD79651}.Release|Any CPU.Build.0 = Release|Any CPU
		{B92F769C-C517-4261-8C03-F58C8CD79651}.Release|x64.ActiveCfg = Release|Any CPU
		{B92F769C-C517-4261-8C03-F58C8CD79651}.Release|x64.Build.0 = Release|Any CPU
		{B92F769C-C517-4261-8C03-F58C8CD79651}.Release|x86.ActiveCfg = Release|Any CPU
		{B92F769C-C517-4261-8C03-F58C8CD79651}.Release|x86.Build.0 = Release|Any CPU
		{36085F13-48FD-4326-A717-39C5274F530A}.AppVeyor|Any CPU.ActiveCfg = Release|Any CPU
		{36085F13-48FD-4326-A717-39C5274F530A}.AppVeyor|Any CPU.Build.0 = Release|Any CPU
		{36085F13-48FD-4326-A717-39C5274F530A}.AppVeyor|x64.ActiveCfg = Release|Any CPU
		{36085F13-48FD-4326-A717-39C5274F530A}.AppVeyor|x64.Build.0 = Release|Any CPU
		{36085F13-48FD-4326-A717-39C5274F530A}.AppVeyor|x86.ActiveCfg = Release|Any CPU
		{36085F13-48FD-4326-A717-39C5274F530A}.AppVeyor|x86.Build.0 = Release|Any CPU
		{36085F13-48FD-4326-A717-39C5274F530A}.Debug|Any CPU.ActiveCfg = Debug|Any CPU
		{36085F13-48FD-4326-A717-39C5274F530A}.Debug|Any CPU.Build.0 = Debug|Any CPU
		{36085F13-48FD-4326-A717-39C5274F530A}.Debug|x64.ActiveCfg = Debug|Any CPU
		{36085F13-48FD-4326-A717-39C5274F530A}.Debug|x64.Build.0 = Debug|Any CPU
		{36085F13-48FD-4326-A717-39C5274F530A}.Debug|x86.ActiveCfg = Debug|Any CPU
		{36085F13-48FD-4326-A717-39C5274F530A}.Debug|x86.Build.0 = Debug|Any CPU
		{36085F13-48FD-4326-A717-39C5274F530A}.Release|Any CPU.ActiveCfg = Release|Any CPU
		{36085F13-48FD-4326-A717-39C5274F530A}.Release|Any CPU.Build.0 = Release|Any CPU
		{36085F13-48FD-4326-A717-39C5274F530A}.Release|x64.ActiveCfg = Release|Any CPU
		{36085F13-48FD-4326-A717-39C5274F530A}.Release|x64.Build.0 = Release|Any CPU
		{36085F13-48FD-4326-A717-39C5274F530A}.Release|x86.ActiveCfg = Release|Any CPU
		{36085F13-48FD-4326-A717-39C5274F530A}.Release|x86.Build.0 = Release|Any CPU
		{CCBAF7E2-A23C-4459-A7BF-CBB7A08471E4}.AppVeyor|Any CPU.ActiveCfg = Release|Any CPU
		{CCBAF7E2-A23C-4459-A7BF-CBB7A08471E4}.AppVeyor|Any CPU.Build.0 = Release|Any CPU
		{CCBAF7E2-A23C-4459-A7BF-CBB7A08471E4}.AppVeyor|x64.ActiveCfg = Release|x64
		{CCBAF7E2-A23C-4459-A7BF-CBB7A08471E4}.AppVeyor|x64.Build.0 = Release|x64
		{CCBAF7E2-A23C-4459-A7BF-CBB7A08471E4}.AppVeyor|x86.ActiveCfg = Release|Any CPU
		{CCBAF7E2-A23C-4459-A7BF-CBB7A08471E4}.AppVeyor|x86.Build.0 = Release|Any CPU
		{CCBAF7E2-A23C-4459-A7BF-CBB7A08471E4}.Debug|Any CPU.ActiveCfg = Debug|Any CPU
		{CCBAF7E2-A23C-4459-A7BF-CBB7A08471E4}.Debug|Any CPU.Build.0 = Debug|Any CPU
		{CCBAF7E2-A23C-4459-A7BF-CBB7A08471E4}.Debug|x64.ActiveCfg = Debug|x64
		{CCBAF7E2-A23C-4459-A7BF-CBB7A08471E4}.Debug|x64.Build.0 = Debug|x64
		{CCBAF7E2-A23C-4459-A7BF-CBB7A08471E4}.Debug|x86.ActiveCfg = Debug|Any CPU
		{CCBAF7E2-A23C-4459-A7BF-CBB7A08471E4}.Debug|x86.Build.0 = Debug|Any CPU
		{CCBAF7E2-A23C-4459-A7BF-CBB7A08471E4}.Release|Any CPU.ActiveCfg = Release|Any CPU
		{CCBAF7E2-A23C-4459-A7BF-CBB7A08471E4}.Release|Any CPU.Build.0 = Release|Any CPU
		{CCBAF7E2-A23C-4459-A7BF-CBB7A08471E4}.Release|x64.ActiveCfg = Release|x64
		{CCBAF7E2-A23C-4459-A7BF-CBB7A08471E4}.Release|x64.Build.0 = Release|x64
		{CCBAF7E2-A23C-4459-A7BF-CBB7A08471E4}.Release|x86.ActiveCfg = Release|Any CPU
		{CCBAF7E2-A23C-4459-A7BF-CBB7A08471E4}.Release|x86.Build.0 = Release|Any CPU
		{B3493FE6-B75D-4D5D-BF3D-992EF7F09C76}.AppVeyor|Any CPU.ActiveCfg = Release|Any CPU
		{B3493FE6-B75D-4D5D-BF3D-992EF7F09C76}.AppVeyor|Any CPU.Build.0 = Release|Any CPU
		{B3493FE6-B75D-4D5D-BF3D-992EF7F09C76}.AppVeyor|x64.ActiveCfg = Release|x64
		{B3493FE6-B75D-4D5D-BF3D-992EF7F09C76}.AppVeyor|x64.Build.0 = Release|x64
		{B3493FE6-B75D-4D5D-BF3D-992EF7F09C76}.AppVeyor|x86.ActiveCfg = Release|Any CPU
		{B3493FE6-B75D-4D5D-BF3D-992EF7F09C76}.AppVeyor|x86.Build.0 = Release|Any CPU
		{B3493FE6-B75D-4D5D-BF3D-992EF7F09C76}.Debug|Any CPU.ActiveCfg = Debug|Any CPU
		{B3493FE6-B75D-4D5D-BF3D-992EF7F09C76}.Debug|Any CPU.Build.0 = Debug|Any CPU
		{B3493FE6-B75D-4D5D-BF3D-992EF7F09C76}.Debug|x64.ActiveCfg = Debug|x64
		{B3493FE6-B75D-4D5D-BF3D-992EF7F09C76}.Debug|x64.Build.0 = Debug|x64
		{B3493FE6-B75D-4D5D-BF3D-992EF7F09C76}.Debug|x86.ActiveCfg = Debug|Any CPU
		{B3493FE6-B75D-4D5D-BF3D-992EF7F09C76}.Debug|x86.Build.0 = Debug|Any CPU
		{B3493FE6-B75D-4D5D-BF3D-992EF7F09C76}.Release|Any CPU.ActiveCfg = Release|Any CPU
		{B3493FE6-B75D-4D5D-BF3D-992EF7F09C76}.Release|Any CPU.Build.0 = Release|Any CPU
		{B3493FE6-B75D-4D5D-BF3D-992EF7F09C76}.Release|x64.ActiveCfg = Release|x64
		{B3493FE6-B75D-4D5D-BF3D-992EF7F09C76}.Release|x64.Build.0 = Release|x64
		{B3493FE6-B75D-4D5D-BF3D-992EF7F09C76}.Release|x86.ActiveCfg = Release|Any CPU
		{B3493FE6-B75D-4D5D-BF3D-992EF7F09C76}.Release|x86.Build.0 = Release|Any CPU
		{4E2EA2B2-7AD8-4C0D-907D-1AA3FDD39323}.AppVeyor|Any CPU.ActiveCfg = Release|Any CPU
		{4E2EA2B2-7AD8-4C0D-907D-1AA3FDD39323}.AppVeyor|Any CPU.Build.0 = Release|Any CPU
		{4E2EA2B2-7AD8-4C0D-907D-1AA3FDD39323}.AppVeyor|x64.ActiveCfg = Release|Any CPU
		{4E2EA2B2-7AD8-4C0D-907D-1AA3FDD39323}.AppVeyor|x64.Build.0 = Release|Any CPU
		{4E2EA2B2-7AD8-4C0D-907D-1AA3FDD39323}.AppVeyor|x86.ActiveCfg = Release|Any CPU
		{4E2EA2B2-7AD8-4C0D-907D-1AA3FDD39323}.AppVeyor|x86.Build.0 = Release|Any CPU
		{4E2EA2B2-7AD8-4C0D-907D-1AA3FDD39323}.Debug|Any CPU.ActiveCfg = Debug|Any CPU
		{4E2EA2B2-7AD8-4C0D-907D-1AA3FDD39323}.Debug|Any CPU.Build.0 = Debug|Any CPU
		{4E2EA2B2-7AD8-4C0D-907D-1AA3FDD39323}.Debug|x64.ActiveCfg = Debug|Any CPU
		{4E2EA2B2-7AD8-4C0D-907D-1AA3FDD39323}.Debug|x64.Build.0 = Debug|Any CPU
		{4E2EA2B2-7AD8-4C0D-907D-1AA3FDD39323}.Debug|x86.ActiveCfg = Debug|Any CPU
		{4E2EA2B2-7AD8-4C0D-907D-1AA3FDD39323}.Debug|x86.Build.0 = Debug|Any CPU
		{4E2EA2B2-7AD8-4C0D-907D-1AA3FDD39323}.Release|Any CPU.ActiveCfg = Release|Any CPU
		{4E2EA2B2-7AD8-4C0D-907D-1AA3FDD39323}.Release|Any CPU.Build.0 = Release|Any CPU
		{4E2EA2B2-7AD8-4C0D-907D-1AA3FDD39323}.Release|x64.ActiveCfg = Release|Any CPU
		{4E2EA2B2-7AD8-4C0D-907D-1AA3FDD39323}.Release|x64.Build.0 = Release|Any CPU
		{4E2EA2B2-7AD8-4C0D-907D-1AA3FDD39323}.Release|x86.ActiveCfg = Release|Any CPU
		{4E2EA2B2-7AD8-4C0D-907D-1AA3FDD39323}.Release|x86.Build.0 = Release|Any CPU
		{587D6527-0390-438F-A1DC-83EAF2C44E92}.AppVeyor|Any CPU.ActiveCfg = Release|Any CPU
		{587D6527-0390-438F-A1DC-83EAF2C44E92}.AppVeyor|Any CPU.Build.0 = Release|Any CPU
		{587D6527-0390-438F-A1DC-83EAF2C44E92}.AppVeyor|x64.ActiveCfg = Release|Any CPU
		{587D6527-0390-438F-A1DC-83EAF2C44E92}.AppVeyor|x64.Build.0 = Release|Any CPU
		{587D6527-0390-438F-A1DC-83EAF2C44E92}.AppVeyor|x86.ActiveCfg = Release|Any CPU
		{587D6527-0390-438F-A1DC-83EAF2C44E92}.AppVeyor|x86.Build.0 = Release|Any CPU
		{587D6527-0390-438F-A1DC-83EAF2C44E92}.Debug|Any CPU.ActiveCfg = Debug|Any CPU
		{587D6527-0390-438F-A1DC-83EAF2C44E92}.Debug|Any CPU.Build.0 = Debug|Any CPU
		{587D6527-0390-438F-A1DC-83EAF2C44E92}.Debug|x64.ActiveCfg = Debug|Any CPU
		{587D6527-0390-438F-A1DC-83EAF2C44E92}.Debug|x64.Build.0 = Debug|Any CPU
		{587D6527-0390-438F-A1DC-83EAF2C44E92}.Debug|x86.ActiveCfg = Debug|Any CPU
		{587D6527-0390-438F-A1DC-83EAF2C44E92}.Debug|x86.Build.0 = Debug|Any CPU
		{587D6527-0390-438F-A1DC-83EAF2C44E92}.Release|Any CPU.ActiveCfg = Release|Any CPU
		{587D6527-0390-438F-A1DC-83EAF2C44E92}.Release|Any CPU.Build.0 = Release|Any CPU
		{587D6527-0390-438F-A1DC-83EAF2C44E92}.Release|x64.ActiveCfg = Release|Any CPU
		{587D6527-0390-438F-A1DC-83EAF2C44E92}.Release|x64.Build.0 = Release|Any CPU
		{587D6527-0390-438F-A1DC-83EAF2C44E92}.Release|x86.ActiveCfg = Release|Any CPU
		{587D6527-0390-438F-A1DC-83EAF2C44E92}.Release|x86.Build.0 = Release|Any CPU
	EndGlobalSection
	GlobalSection(SolutionProperties) = preSolution
		HideSolutionNode = FALSE
	EndGlobalSection
	GlobalSection(ExtensibilityGlobals) = postSolution
		SolutionGuid = {EED8E97E-3B46-4CB9-9A1C-A3C7B309CBCD}
	EndGlobalSection
EndGlobal
