
Microsoft Visual Studio Solution File, Format Version 12.00
# Visual Studio 15
VisualStudioVersion = 15.0.27703.2000
MinimumVisualStudioVersion = 10.0.40219.1
Project("{FAE04EC0-301F-11D3-BF4B-00C04F79EFBC}") = "OperateExcelClient", "OperateExcelClient\OperateExcelClient.csproj", "{C2CD15F6-771D-4736-AEB2-70D95DC06D55}"
EndProject
Global
	GlobalSection(SolutionConfigurationPlatforms) = preSolution
		Debug|Any CPU = Debug|Any CPU
		Release|Any CPU = Release|Any CPU
	EndGlobalSection
	GlobalSection(ProjectConfigurationPlatforms) = postSolution
		{C2CD15F6-771D-4736-AEB2-70D95DC06D55}.Debug|Any CPU.ActiveCfg = Debug|Any CPU
		{C2CD15F6-771D-4736-AEB2-70D95DC06D55}.Debug|Any CPU.Build.0 = Debug|Any CPU
		{C2CD15F6-771D-4736-AEB2-70D95DC06D55}.Release|Any CPU.ActiveCfg = Release|Any CPU
		{C2CD15F6-771D-4736-AEB2-70D95DC06D55}.Release|Any CPU.Build.0 = Release|Any CPU
	EndGlobalSection
	GlobalSection(SolutionProperties) = preSolution
		HideSolutionNode = FALSE
	EndGlobalSection
	GlobalSection(ExtensibilityGlobals) = postSolution
		SolutionGuid = {B3650E33-4916-4046-B91C-8000D647EE39}
	EndGlobalSection
EndGlobal
