
Microsoft Visual Studio Solution File, Format Version 12.00
# Visual Studio 15
VisualStudioVersion = 15.0.27428.2037
MinimumVisualStudioVersion = 10.0.40219.1
Project("{FAE04EC0-301F-11D3-BF4B-00C04F79EFBC}") = "MyExcelAddIn", "MyExcelAddIn\MyExcelAddIn.csproj", "{9FE77006-72BD-471C-99C4-B9D4610278E9}"
EndProject
Project("{FAE04EC0-301F-11D3-BF4B-00C04F79EFBC}") = "WPFClientCheckWordModel", "..\WPFClientCheckWordModel\WPFClientCheckWordModel.csproj", "{B92F769C-C517-4261-8C03-F58C8CD79651}"
EndProject
Project("{FAE04EC0-301F-11D3-BF4B-00C04F79EFBC}") = "CheckWordEvent", "..\MyWordAddIn\CheckWordEvent\CheckWordEvent.csproj", "{730A09EB-1742-45F8-AA9C-37F25BE50AF4}"
EndProject
Project("{FAE04EC0-301F-11D3-BF4B-00C04F79EFBC}") = "CheckWordModel", "..\MyWordAddIn\CheckWordModel\CheckWordModel.csproj", "{11D0FE11-BF6D-49DB-AD3F-76694E47D305}"
EndProject
Project("{FAE04EC0-301F-11D3-BF4B-00C04F79EFBC}") = "CheckWordControl", "..\MyWordAddIn\CheckWordControl\CheckWordControl.csproj", "{CB5C0A4B-F44B-4C2B-B314-4AE67126811B}"
EndProject
Project("{FAE04EC0-301F-11D3-BF4B-00C04F79EFBC}") = "CheckWordUtil", "..\MyWordAddIn\CheckWordUtil\CheckWordUtil.csproj", "{36085F13-48FD-4326-A717-39C5274F530A}"
EndProject
Global
	GlobalSection(SolutionConfigurationPlatforms) = preSolution
		Debug|Any CPU = Debug|Any CPU
		Release|Any CPU = Release|Any CPU
	EndGlobalSection
	GlobalSection(ProjectConfigurationPlatforms) = postSolution
		{9FE77006-72BD-471C-99C4-B9D4610278E9}.Debug|Any CPU.ActiveCfg = Debug|Any CPU
		{9FE77006-72BD-471C-99C4-B9D4610278E9}.Debug|Any CPU.Build.0 = Debug|Any CPU
		{9FE77006-72BD-471C-99C4-B9D4610278E9}.Release|Any CPU.ActiveCfg = Release|Any CPU
		{9FE77006-72BD-471C-99C4-B9D4610278E9}.Release|Any CPU.Build.0 = Release|Any CPU
		{B92F769C-C517-4261-8C03-F58C8CD79651}.Debug|Any CPU.ActiveCfg = Debug|Any CPU
		{B92F769C-C517-4261-8C03-F58C8CD79651}.Debug|Any CPU.Build.0 = Debug|Any CPU
		{B92F769C-C517-4261-8C03-F58C8CD79651}.Release|Any CPU.ActiveCfg = Release|Any CPU
		{B92F769C-C517-4261-8C03-F58C8CD79651}.Release|Any CPU.Build.0 = Release|Any CPU
		{730A09EB-1742-45F8-AA9C-37F25BE50AF4}.Debug|Any CPU.ActiveCfg = Debug|Any CPU
		{730A09EB-1742-45F8-AA9C-37F25BE50AF4}.Debug|Any CPU.Build.0 = Debug|Any CPU
		{730A09EB-1742-45F8-AA9C-37F25BE50AF4}.Release|Any CPU.ActiveCfg = Release|Any CPU
		{730A09EB-1742-45F8-AA9C-37F25BE50AF4}.Release|Any CPU.Build.0 = Release|Any CPU
		{11D0FE11-BF6D-49DB-AD3F-76694E47D305}.Debug|Any CPU.ActiveCfg = Debug|Any CPU
		{11D0FE11-BF6D-49DB-AD3F-76694E47D305}.Debug|Any CPU.Build.0 = Debug|Any CPU
		{11D0FE11-BF6D-49DB-AD3F-76694E47D305}.Release|Any CPU.ActiveCfg = Release|Any CPU
		{11D0FE11-BF6D-49DB-AD3F-76694E47D305}.Release|Any CPU.Build.0 = Release|Any CPU
		{CB5C0A4B-F44B-4C2B-B314-4AE67126811B}.Debug|Any CPU.ActiveCfg = Debug|Any CPU
		{CB5C0A4B-F44B-4C2B-B314-4AE67126811B}.Debug|Any CPU.Build.0 = Debug|Any CPU
		{CB5C0A4B-F44B-4C2B-B314-4AE67126811B}.Release|Any CPU.ActiveCfg = Release|Any CPU
		{CB5C0A4B-F44B-4C2B-B314-4AE67126811B}.Release|Any CPU.Build.0 = Release|Any CPU
		{36085F13-48FD-4326-A717-39C5274F530A}.Debug|Any CPU.ActiveCfg = Debug|Any CPU
		{36085F13-48FD-4326-A717-39C5274F530A}.Debug|Any CPU.Build.0 = Debug|Any CPU
		{36085F13-48FD-4326-A717-39C5274F530A}.Release|Any CPU.ActiveCfg = Release|Any CPU
		{36085F13-48FD-4326-A717-39C5274F530A}.Release|Any CPU.Build.0 = Release|Any CPU
	EndGlobalSection
	GlobalSection(SolutionProperties) = preSolution
		HideSolutionNode = FALSE
	EndGlobalSection
	GlobalSection(ExtensibilityGlobals) = postSolution
		SolutionGuid = {29618B7F-5BDF-44A5-BB46-46C2E1A5EABB}
	EndGlobalSection
EndGlobal
